
Microsoft Visual Studio Solution File, Format Version 12.00
# Visual Studio 2012
Project("{FAE04EC0-301F-11D3-BF4B-00C04F79EFBC}") = "Tribonacci", "Tribonacci\Tribonacci.csproj", "{01DF7671-1D70-4099-9B7F-3AF9AB589EB5}"
EndProject
Project("{FAE04EC0-301F-11D3-BF4B-00C04F79EFBC}") = "FirTree", "FirTree\FirTree.csproj", "{0AC472C0-6F3C-4D8C-8066-12633690829A}"
EndProject
Project("{FAE04EC0-301F-11D3-BF4B-00C04F79EFBC}") = "ChristmasTree", "ChristmasTree\ChristmasTree.csproj", "{EFCD1FCA-CED1-49E1-BAB3-BA87E4E0F7ED}"
EndProject
Project("{FAE04EC0-301F-11D3-BF4B-00C04F79EFBC}") = "WeAllLoveBits", "WeAllLoveBits\WeAllLoveBits.csproj", "{1BBE1ECE-836E-4B4C-B537-4E237C3671C0}"
EndProject
Project("{FAE04EC0-301F-11D3-BF4B-00C04F79EFBC}") = "Pillars", "Pillars\Pillars.csproj", "{01D7CF4C-E316-4C04-ADEC-B8E3695C0B94}"
EndProject
Global
	GlobalSection(SolutionConfigurationPlatforms) = preSolution
		Debug|Any CPU = Debug|Any CPU
		Release|Any CPU = Release|Any CPU
	EndGlobalSection
	GlobalSection(ProjectConfigurationPlatforms) = postSolution
		{01DF7671-1D70-4099-9B7F-3AF9AB589EB5}.Debug|Any CPU.ActiveCfg = Debug|Any CPU
		{01DF7671-1D70-4099-9B7F-3AF9AB589EB5}.Debug|Any CPU.Build.0 = Debug|Any CPU
		{01DF7671-1D70-4099-9B7F-3AF9AB589EB5}.Release|Any CPU.ActiveCfg = Release|Any CPU
		{01DF7671-1D70-4099-9B7F-3AF9AB589EB5}.Release|Any CPU.Build.0 = Release|Any CPU
		{0AC472C0-6F3C-4D8C-8066-12633690829A}.Debug|Any CPU.ActiveCfg = Debug|Any CPU
		{0AC472C0-6F3C-4D8C-8066-12633690829A}.Debug|Any CPU.Build.0 = Debug|Any CPU
		{0AC472C0-6F3C-4D8C-8066-12633690829A}.Release|Any CPU.ActiveCfg = Release|Any CPU
		{0AC472C0-6F3C-4D8C-8066-12633690829A}.Release|Any CPU.Build.0 = Release|Any CPU
		{EFCD1FCA-CED1-49E1-BAB3-BA87E4E0F7ED}.Debug|Any CPU.ActiveCfg = Debug|Any CPU
		{EFCD1FCA-CED1-49E1-BAB3-BA87E4E0F7ED}.Debug|Any CPU.Build.0 = Debug|Any CPU
		{EFCD1FCA-CED1-49E1-BAB3-BA87E4E0F7ED}.Release|Any CPU.ActiveCfg = Release|Any CPU
		{EFCD1FCA-CED1-49E1-BAB3-BA87E4E0F7ED}.Release|Any CPU.Build.0 = Release|Any CPU
		{1BBE1ECE-836E-4B4C-B537-4E237C3671C0}.Debug|Any CPU.ActiveCfg = Debug|Any CPU
		{1BBE1ECE-836E-4B4C-B537-4E237C3671C0}.Debug|Any CPU.Build.0 = Debug|Any CPU
		{1BBE1ECE-836E-4B4C-B537-4E237C3671C0}.Release|Any CPU.ActiveCfg = Release|Any CPU
		{1BBE1ECE-836E-4B4C-B537-4E237C3671C0}.Release|Any CPU.Build.0 = Release|Any CPU
		{01D7CF4C-E316-4C04-ADEC-B8E3695C0B94}.Debug|Any CPU.ActiveCfg = Debug|Any CPU
		{01D7CF4C-E316-4C04-ADEC-B8E3695C0B94}.Debug|Any CPU.Build.0 = Debug|Any CPU
		{01D7CF4C-E316-4C04-ADEC-B8E3695C0B94}.Release|Any CPU.ActiveCfg = Release|Any CPU
		{01D7CF4C-E316-4C04-ADEC-B8E3695C0B94}.Release|Any CPU.Build.0 = Release|Any CPU
	EndGlobalSection
	GlobalSection(SolutionProperties) = preSolution
		HideSolutionNode = FALSE
	EndGlobalSection
EndGlobal
